// !$*UTF8*$!
{
	archiveVersion = 1;
	classes = {
	};
	objectVersion = 50;
	objects = {

/* Begin PBXBuildFile section */
		A1222C2124E29EA200982EA6 /* DeepAR.framework in Frameworks */ = {isa = PBXBuildFile; fileRef = F869000024CB2BEE007E3263 /* DeepAR.framework */; };
		A1222C2224E29EA200982EA6 /* DeepAR.framework in Embed Frameworks */ = {isa = PBXBuildFile; fileRef = F869000024CB2BEE007E3263 /* DeepAR.framework */; settings = {ATTRIBUTES = (CodeSignOnCopy, RemoveHeadersOnCopy, ); }; };
		A1222C3124E2A05C00982EA6 /* beach2 in Resources */ = {isa = PBXBuildFile; fileRef = A1222C2424E2A05C00982EA6 /* beach2 */; };
		A1222C3224E2A05C00982EA6 /* blur_light in Resources */ = {isa = PBXBuildFile; fileRef = A1222C2524E2A05C00982EA6 /* blur_light */; };
		A1222C3324E2A05C00982EA6 /* beach3 in Resources */ = {isa = PBXBuildFile; fileRef = A1222C2624E2A05C00982EA6 /* beach3 */; };
		A1222C3424E2A05C00982EA6 /* office in Resources */ = {isa = PBXBuildFile; fileRef = A1222C2724E2A05C00982EA6 /* office */; };
		A1222C3524E2A05C00982EA6 /* bg_yellow in Resources */ = {isa = PBXBuildFile; fileRef = A1222C2824E2A05C00982EA6 /* bg_yellow */; };
		A1222C3624E2A05C00982EA6 /* blur_high in Resources */ = {isa = PBXBuildFile; fileRef = A1222C2924E2A05C00982EA6 /* blur_high */; };
		A1222C3724E2A05C00982EA6 /* bg_white in Resources */ = {isa = PBXBuildFile; fileRef = A1222C2A24E2A05C00982EA6 /* bg_white */; };
		A1222C3824E2A05C00982EA6 /* bg_blue in Resources */ = {isa = PBXBuildFile; fileRef = A1222C2B24E2A05C00982EA6 /* bg_blue */; };
		A1222C3924E2A05C00982EA6 /* beach1 in Resources */ = {isa = PBXBuildFile; fileRef = A1222C2C24E2A05C00982EA6 /* beach1 */; };
		A1222C3A24E2A05C00982EA6 /* bg_green in Resources */ = {isa = PBXBuildFile; fileRef = A1222C2D24E2A05C00982EA6 /* bg_green */; };
		A1222C3B24E2A05C00982EA6 /* livingroom in Resources */ = {isa = PBXBuildFile; fileRef = A1222C2E24E2A05C00982EA6 /* livingroom */; };
		A1222C3C24E2A05C00982EA6 /* bg_pink in Resources */ = {isa = PBXBuildFile; fileRef = A1222C2F24E2A05C00982EA6 /* bg_pink */; };
		A1222C3D24E2A05C00982EA6 /* lion in Resources */ = {isa = PBXBuildFile; fileRef = A1222C3024E2A05C00982EA6 /* lion */; };
		DD009B62B801AE764EAD2EF4 /* Pods_OpentokDeepARSDK.framework in Frameworks */ = {isa = PBXBuildFile; fileRef = 2EBE59C3839003BF3DF0DA61 /* Pods_OpentokDeepARSDK.framework */; };
		F869000324CB2E53007E3263 /* DeepARVideoCapturer.swift in Sources */ = {isa = PBXBuildFile; fileRef = F869000224CB2E53007E3263 /* DeepARVideoCapturer.swift */; };
		F869FFED24CB2846007E3263 /* AppDelegate.swift in Sources */ = {isa = PBXBuildFile; fileRef = F869FFEC24CB2846007E3263 /* AppDelegate.swift */; };
		F869FFEF24CB2846007E3263 /* SceneDelegate.swift in Sources */ = {isa = PBXBuildFile; fileRef = F869FFEE24CB2846007E3263 /* SceneDelegate.swift */; };
		F869FFF124CB2846007E3263 /* ViewController.swift in Sources */ = {isa = PBXBuildFile; fileRef = F869FFF024CB2846007E3263 /* ViewController.swift */; };
		F869FFF424CB2846007E3263 /* Main.storyboard in Resources */ = {isa = PBXBuildFile; fileRef = F869FFF224CB2846007E3263 /* Main.storyboard */; };
		F869FFF624CB2848007E3263 /* Assets.xcassets in Resources */ = {isa = PBXBuildFile; fileRef = F869FFF524CB2848007E3263 /* Assets.xcassets */; };
		F869FFF924CB2848007E3263 /* LaunchScreen.storyboard in Resources */ = {isa = PBXBuildFile; fileRef = F869FFF724CB2848007E3263 /* LaunchScreen.storyboard */; };
/* End PBXBuildFile section */

/* Begin PBXCopyFilesBuildPhase section */
		F869000B24CB3603007E3263 /* Embed Frameworks */ = {
			isa = PBXCopyFilesBuildPhase;
			buildActionMask = 2147483647;
			dstPath = "";
			dstSubfolderSpec = 10;
			files = (
				A1222C2224E29EA200982EA6 /* DeepAR.framework in Embed Frameworks */,
			);
			name = "Embed Frameworks";
			runOnlyForDeploymentPostprocessing = 0;
		};
/* End PBXCopyFilesBuildPhase section */

/* Begin PBXFileReference section */
		2BA164D9A5E0AD4349E44431 /* Pods-OpentokDeepARSDK.release.xcconfig */ = {isa = PBXFileReference; includeInIndex = 1; lastKnownFileType = text.xcconfig; name = "Pods-OpentokDeepARSDK.release.xcconfig"; path = "Target Support Files/Pods-OpentokDeepARSDK/Pods-OpentokDeepARSDK.release.xcconfig"; sourceTree = "<group>"; };
		2EBE59C3839003BF3DF0DA61 /* Pods_OpentokDeepARSDK.framework */ = {isa = PBXFileReference; explicitFileType = wrapper.framework; includeInIndex = 0; path = Pods_OpentokDeepARSDK.framework; sourceTree = BUILT_PRODUCTS_DIR; };
		6D7B4989E2AB931B5E5FD37D /* Pods-OpentokDeepARSDK.debug.xcconfig */ = {isa = PBXFileReference; includeInIndex = 1; lastKnownFileType = text.xcconfig; name = "Pods-OpentokDeepARSDK.debug.xcconfig"; path = "Target Support Files/Pods-OpentokDeepARSDK/Pods-OpentokDeepARSDK.debug.xcconfig"; sourceTree = "<group>"; };
		A1222C2424E2A05C00982EA6 /* beach2 */ = {isa = PBXFileReference; lastKnownFileType = file; path = beach2; sourceTree = "<group>"; };
		A1222C2524E2A05C00982EA6 /* blur_light */ = {isa = PBXFileReference; lastKnownFileType = file; path = blur_light; sourceTree = "<group>"; };
		A1222C2624E2A05C00982EA6 /* beach3 */ = {isa = PBXFileReference; lastKnownFileType = file; path = beach3; sourceTree = "<group>"; };
		A1222C2724E2A05C00982EA6 /* office */ = {isa = PBXFileReference; lastKnownFileType = file; path = office; sourceTree = "<group>"; };
		A1222C2824E2A05C00982EA6 /* bg_yellow */ = {isa = PBXFileReference; lastKnownFileType = file; path = bg_yellow; sourceTree = "<group>"; };
		A1222C2924E2A05C00982EA6 /* blur_high */ = {isa = PBXFileReference; lastKnownFileType = file; path = blur_high; sourceTree = "<group>"; };
		A1222C2A24E2A05C00982EA6 /* bg_white */ = {isa = PBXFileReference; lastKnownFileType = file; path = bg_white; sourceTree = "<group>"; };
		A1222C2B24E2A05C00982EA6 /* bg_blue */ = {isa = PBXFileReference; lastKnownFileType = file; path = bg_blue; sourceTree = "<group>"; };
		A1222C2C24E2A05C00982EA6 /* beach1 */ = {isa = PBXFileReference; lastKnownFileType = file; path = beach1; sourceTree = "<group>"; };
		A1222C2D24E2A05C00982EA6 /* bg_green */ = {isa = PBXFileReference; lastKnownFileType = file; path = bg_green; sourceTree = "<group>"; };
		A1222C2E24E2A05C00982EA6 /* livingroom */ = {isa = PBXFileReference; lastKnownFileType = file; path = livingroom; sourceTree = "<group>"; };
		A1222C2F24E2A05C00982EA6 /* bg_pink */ = {isa = PBXFileReference; lastKnownFileType = file; path = bg_pink; sourceTree = "<group>"; };
		A1222C3024E2A05C00982EA6 /* lion */ = {isa = PBXFileReference; lastKnownFileType = file; path = lion; sourceTree = "<group>"; };
		F869000024CB2BEE007E3263 /* DeepAR.framework */ = {isa = PBXFileReference; lastKnownFileType = wrapper.framework; path = DeepAR.framework; sourceTree = "<group>"; };
		F869000224CB2E53007E3263 /* DeepARVideoCapturer.swift */ = {isa = PBXFileReference; lastKnownFileType = sourcecode.swift; path = DeepARVideoCapturer.swift; sourceTree = "<group>"; };
		F869FFE924CB2846007E3263 /* OpentokDeepARSDK.app */ = {isa = PBXFileReference; explicitFileType = wrapper.application; includeInIndex = 0; path = OpentokDeepARSDK.app; sourceTree = BUILT_PRODUCTS_DIR; };
		F869FFEC24CB2846007E3263 /* AppDelegate.swift */ = {isa = PBXFileReference; lastKnownFileType = sourcecode.swift; path = AppDelegate.swift; sourceTree = "<group>"; };
		F869FFEE24CB2846007E3263 /* SceneDelegate.swift */ = {isa = PBXFileReference; lastKnownFileType = sourcecode.swift; path = SceneDelegate.swift; sourceTree = "<group>"; };
		F869FFF024CB2846007E3263 /* ViewController.swift */ = {isa = PBXFileReference; lastKnownFileType = sourcecode.swift; path = ViewController.swift; sourceTree = "<group>"; };
		F869FFF324CB2846007E3263 /* Base */ = {isa = PBXFileReference; lastKnownFileType = file.storyboard; name = Base; path = Base.lproj/Main.storyboard; sourceTree = "<group>"; };
		F869FFF524CB2848007E3263 /* Assets.xcassets */ = {isa = PBXFileReference; lastKnownFileType = folder.assetcatalog; path = Assets.xcassets; sourceTree = "<group>"; };
		F869FFF824CB2848007E3263 /* Base */ = {isa = PBXFileReference; lastKnownFileType = file.storyboard; name = Base; path = Base.lproj/LaunchScreen.storyboard; sourceTree = "<group>"; };
		F869FFFA24CB2848007E3263 /* Info.plist */ = {isa = PBXFileReference; lastKnownFileType = text.plist.xml; path = Info.plist; sourceTree = "<group>"; };
/* End PBXFileReference section */

/* Begin PBXFrameworksBuildPhase section */
		F869FFE624CB2846007E3263 /* Frameworks */ = {
			isa = PBXFrameworksBuildPhase;
			buildActionMask = 2147483647;
			files = (
				DD009B62B801AE764EAD2EF4 /* Pods_OpentokDeepARSDK.framework in Frameworks */,
				A1222C2124E29EA200982EA6 /* DeepAR.framework in Frameworks */,
			);
			runOnlyForDeploymentPostprocessing = 0;
		};
/* End PBXFrameworksBuildPhase section */

/* Begin PBXGroup section */
		900F8BE57603ED91D40096F9 /* Frameworks */ = {
			isa = PBXGroup;
			children = (
				F869000024CB2BEE007E3263 /* DeepAR.framework */,
				2EBE59C3839003BF3DF0DA61 /* Pods_OpentokDeepARSDK.framework */,
			);
			name = Frameworks;
			sourceTree = "<group>";
		};
		A1222C2324E2A05C00982EA6 /* Filters */ = {
			isa = PBXGroup;
			children = (
				A1222C2424E2A05C00982EA6 /* beach2 */,
				A1222C2524E2A05C00982EA6 /* blur_light */,
				A1222C2624E2A05C00982EA6 /* beach3 */,
				A1222C2724E2A05C00982EA6 /* office */,
				A1222C2824E2A05C00982EA6 /* bg_yellow */,
				A1222C2924E2A05C00982EA6 /* blur_high */,
				A1222C2A24E2A05C00982EA6 /* bg_white */,
				A1222C2B24E2A05C00982EA6 /* bg_blue */,
				A1222C2C24E2A05C00982EA6 /* beach1 */,
				A1222C2D24E2A05C00982EA6 /* bg_green */,
				A1222C2E24E2A05C00982EA6 /* livingroom */,
				A1222C2F24E2A05C00982EA6 /* bg_pink */,
				A1222C3024E2A05C00982EA6 /* lion */,
			);
			path = Filters;
			sourceTree = "<group>";
		};
		CEA24A8E8C485CE0D1C5F07C /* Pods */ = {
			isa = PBXGroup;
			children = (
				6D7B4989E2AB931B5E5FD37D /* Pods-OpentokDeepARSDK.debug.xcconfig */,
				2BA164D9A5E0AD4349E44431 /* Pods-OpentokDeepARSDK.release.xcconfig */,
			);
			path = Pods;
			sourceTree = "<group>";
		};
		F869FFE024CB2846007E3263 = {
			isa = PBXGroup;
			children = (
				F869FFEB24CB2846007E3263 /* OpentokDeepARSDK */,
				F869FFEA24CB2846007E3263 /* Products */,
				CEA24A8E8C485CE0D1C5F07C /* Pods */,
				900F8BE57603ED91D40096F9 /* Frameworks */,
			);
			sourceTree = "<group>";
		};
		F869FFEA24CB2846007E3263 /* Products */ = {
			isa = PBXGroup;
			children = (
				F869FFE924CB2846007E3263 /* OpentokDeepARSDK.app */,
			);
			name = Products;
			sourceTree = "<group>";
		};
		F869FFEB24CB2846007E3263 /* OpentokDeepARSDK */ = {
			isa = PBXGroup;
			children = (
				A1222C2324E2A05C00982EA6 /* Filters */,
				F869FFEC24CB2846007E3263 /* AppDelegate.swift */,
				F869FFEE24CB2846007E3263 /* SceneDelegate.swift */,
				F869FFF024CB2846007E3263 /* ViewController.swift */,
				F869FFF224CB2846007E3263 /* Main.storyboard */,
				F869FFF524CB2848007E3263 /* Assets.xcassets */,
				F869FFF724CB2848007E3263 /* LaunchScreen.storyboard */,
				F869FFFA24CB2848007E3263 /* Info.plist */,
				F869000224CB2E53007E3263 /* DeepARVideoCapturer.swift */,
			);
			path = OpentokDeepARSDK;
			sourceTree = "<group>";
		};
/* End PBXGroup section */

/* Begin PBXNativeTarget section */
		F869FFE824CB2846007E3263 /* OpentokDeepARSDK */ = {
			isa = PBXNativeTarget;
			buildConfigurationList = F869FFFD24CB2848007E3263 /* Build configuration list for PBXNativeTarget "OpentokDeepARSDK" */;
			buildPhases = (
				472C7912A92A83A80C7657D8 /* [CP] Check Pods Manifest.lock */,
				F869FFE524CB2846007E3263 /* Sources */,
				F869FFE624CB2846007E3263 /* Frameworks */,
				F869FFE724CB2846007E3263 /* Resources */,
				F869000B24CB3603007E3263 /* Embed Frameworks */,
			);
			buildRules = (
			);
			dependencies = (
			);
			name = OpentokDeepARSDK;
			productName = OpentokDeepARSDK;
			productReference = F869FFE924CB2846007E3263 /* OpentokDeepARSDK.app */;
			productType = "com.apple.product-type.application";
		};
/* End PBXNativeTarget section */

/* Begin PBXProject section */
		F869FFE124CB2846007E3263 /* Project object */ = {
			isa = PBXProject;
			attributes = {
				LastSwiftUpdateCheck = 1160;
				LastUpgradeCheck = 1160;
				ORGANIZATIONNAME = vonage;
				TargetAttributes = {
					F869FFE824CB2846007E3263 = {
						CreatedOnToolsVersion = 11.6;
					};
				};
			};
			buildConfigurationList = F869FFE424CB2846007E3263 /* Build configuration list for PBXProject "OpentokDeepARSDK" */;
			compatibilityVersion = "Xcode 9.3";
			developmentRegion = en;
			hasScannedForEncodings = 0;
			knownRegions = (
				en,
				Base,
			);
			mainGroup = F869FFE024CB2846007E3263;
			productRefGroup = F869FFEA24CB2846007E3263 /* Products */;
			projectDirPath = "";
			projectRoot = "";
			targets = (
				F869FFE824CB2846007E3263 /* OpentokDeepARSDK */,
			);
		};
/* End PBXProject section */

/* Begin PBXResourcesBuildPhase section */
		F869FFE724CB2846007E3263 /* Resources */ = {
			isa = PBXResourcesBuildPhase;
			buildActionMask = 2147483647;
			files = (
				A1222C3D24E2A05C00982EA6 /* lion in Resources */,
				A1222C3924E2A05C00982EA6 /* beach1 in Resources */,
				A1222C3C24E2A05C00982EA6 /* bg_pink in Resources */,
				A1222C3524E2A05C00982EA6 /* bg_yellow in Resources */,
				A1222C3224E2A05C00982EA6 /* blur_light in Resources */,
				A1222C3A24E2A05C00982EA6 /* bg_green in Resources */,
				A1222C3124E2A05C00982EA6 /* beach2 in Resources */,
				A1222C3B24E2A05C00982EA6 /* livingroom in Resources */,
				A1222C3824E2A05C00982EA6 /* bg_blue in Resources */,
				A1222C3724E2A05C00982EA6 /* bg_white in Resources */,
				A1222C3424E2A05C00982EA6 /* office in Resources */,
				F869FFF924CB2848007E3263 /* LaunchScreen.storyboard in Resources */,
				F869FFF624CB2848007E3263 /* Assets.xcassets in Resources */,
				A1222C3324E2A05C00982EA6 /* beach3 in Resources */,
				A1222C3624E2A05C00982EA6 /* blur_high in Resources */,
				F869FFF424CB2846007E3263 /* Main.storyboard in Resources */,
			);
			runOnlyForDeploymentPostprocessing = 0;
		};
/* End PBXResourcesBuildPhase section */

/* Begin PBXShellScriptBuildPhase section */
		472C7912A92A83A80C7657D8 /* [CP] Check Pods Manifest.lock */ = {
			isa = PBXShellScriptBuildPhase;
			buildActionMask = 2147483647;
			files = (
			);
			inputFileListPaths = (
			);
			inputPaths = (
				"${PODS_PODFILE_DIR_PATH}/Podfile.lock",
				"${PODS_ROOT}/Manifest.lock",
			);
			name = "[CP] Check Pods Manifest.lock";
			outputFileListPaths = (
			);
			outputPaths = (
				"$(DERIVED_FILE_DIR)/Pods-OpentokDeepARSDK-checkManifestLockResult.txt",
			);
			runOnlyForDeploymentPostprocessing = 0;
			shellPath = /bin/sh;
			shellScript = "diff \"${PODS_PODFILE_DIR_PATH}/Podfile.lock\" \"${PODS_ROOT}/Manifest.lock\" > /dev/null\nif [ $? != 0 ] ; then\n    # print error to STDERR\n    echo \"error: The sandbox is not in sync with the Podfile.lock. Run 'pod install' or update your CocoaPods installation.\" >&2\n    exit 1\nfi\n# This output is used by Xcode 'outputs' to avoid re-running this script phase.\necho \"SUCCESS\" > \"${SCRIPT_OUTPUT_FILE_0}\"\n";
			showEnvVarsInLog = 0;
		};
/* End PBXShellScriptBuildPhase section */

/* Begin PBXSourcesBuildPhase section */
		F869FFE524CB2846007E3263 /* Sources */ = {
			isa = PBXSourcesBuildPhase;
			buildActionMask = 2147483647;
			files = (
				F869FFF124CB2846007E3263 /* ViewController.swift in Sources */,
				F869FFED24CB2846007E3263 /* AppDelegate.swift in Sources */,
				F869000324CB2E53007E3263 /* DeepARVideoCapturer.swift in Sources */,
				F869FFEF24CB2846007E3263 /* SceneDelegate.swift in Sources */,
			);
			runOnlyForDeploymentPostprocessing = 0;
		};
/* End PBXSourcesBuildPhase section */

/* Begin PBXVariantGroup section */
		F869FFF224CB2846007E3263 /* Main.storyboard */ = {
			isa = PBXVariantGroup;
			children = (
				F869FFF324CB2846007E3263 /* Base */,
			);
			name = Main.storyboard;
			sourceTree = "<group>";
		};
		F869FFF724CB2848007E3263 /* LaunchScreen.storyboard */ = {
			isa = PBXVariantGroup;
			children = (
				F869FFF824CB2848007E3263 /* Base */,
			);
			name = LaunchScreen.storyboard;
			sourceTree = "<group>";
		};
/* End PBXVariantGroup section */

/* Begin XCBuildConfiguration section */
		F869FFFB24CB2848007E3263 /* Debug */ = {
			isa = XCBuildConfiguration;
			buildSettings = {
				ALWAYS_SEARCH_USER_PATHS = NO;
				CLANG_ANALYZER_NONNULL = YES;
				CLANG_ANALYZER_NUMBER_OBJECT_CONVERSION = YES_AGGRESSIVE;
				CLANG_CXX_LANGUAGE_STANDARD = "gnu++14";
				CLANG_CXX_LIBRARY = "libc++";
				CLANG_ENABLE_MODULES = YES;
				CLANG_ENABLE_OBJC_ARC = YES;
				CLANG_ENABLE_OBJC_WEAK = YES;
				CLANG_WARN_BLOCK_CAPTURE_AUTORELEASING = YES;
				CLANG_WARN_BOOL_CONVERSION = YES;
				CLANG_WARN_COMMA = YES;
				CLANG_WARN_CONSTANT_CONVERSION = YES;
				CLANG_WARN_DEPRECATED_OBJC_IMPLEMENTATIONS = YES;
				CLANG_WARN_DIRECT_OBJC_ISA_USAGE = YES_ERROR;
				CLANG_WARN_DOCUMENTATION_COMMENTS = YES;
				CLANG_WARN_EMPTY_BODY = YES;
				CLANG_WARN_ENUM_CONVERSION = YES;
				CLANG_WARN_INFINITE_RECURSION = YES;
				CLANG_WARN_INT_CONVERSION = YES;
				CLANG_WARN_NON_LITERAL_NULL_CONVERSION = YES;
				CLANG_WARN_OBJC_IMPLICIT_RETAIN_SELF = YES;
				CLANG_WARN_OBJC_LITERAL_CONVERSION = YES;
				CLANG_WARN_OBJC_ROOT_CLASS = YES_ERROR;
				CLANG_WARN_RANGE_LOOP_ANALYSIS = YES;
				CLANG_WARN_STRICT_PROTOTYPES = YES;
				CLANG_WARN_SUSPICIOUS_MOVE = YES;
				CLANG_WARN_UNGUARDED_AVAILABILITY = YES_AGGRESSIVE;
				CLANG_WARN_UNREACHABLE_CODE = YES;
				CLANG_WARN__DUPLICATE_METHOD_MATCH = YES;
				COPY_PHASE_STRIP = NO;
				DEBUG_INFORMATION_FORMAT = dwarf;
				ENABLE_STRICT_OBJC_MSGSEND = YES;
				ENABLE_TESTABILITY = YES;
				GCC_C_LANGUAGE_STANDARD = gnu11;
				GCC_DYNAMIC_NO_PIC = NO;
				GCC_NO_COMMON_BLOCKS = YES;
				GCC_OPTIMIZATION_LEVEL = 0;
				GCC_PREPROCESSOR_DEFINITIONS = (
					"DEBUG=1",
					"$(inherited)",
				);
				GCC_WARN_64_TO_32_BIT_CONVERSION = YES;
				GCC_WARN_ABOUT_RETURN_TYPE = YES_ERROR;
				GCC_WARN_UNDECLARED_SELECTOR = YES;
				GCC_WARN_UNINITIALIZED_AUTOS = YES_AGGRESSIVE;
				GCC_WARN_UNUSED_FUNCTION = YES;
				GCC_WARN_UNUSED_VARIABLE = YES;
				IPHONEOS_DEPLOYMENT_TARGET = 13.6;
				MTL_ENABLE_DEBUG_INFO = INCLUDE_SOURCE;
				MTL_FAST_MATH = YES;
				ONLY_ACTIVE_ARCH = YES;
				SDKROOT = iphoneos;
				SWIFT_ACTIVE_COMPILATION_CONDITIONS = DEBUG;
				SWIFT_OPTIMIZATION_LEVEL = "-Onone";
			};
			name = Debug;
		};
		F869FFFC24CB2848007E3263 /* Release */ = {
			isa = XCBuildConfiguration;
			buildSettings = {
				ALWAYS_SEARCH_USER_PATHS = NO;
				CLANG_ANALYZER_NONNULL = YES;
				CLANG_ANALYZER_NUMBER_OBJECT_CONVERSION = YES_AGGRESSIVE;
				CLANG_CXX_LANGUAGE_STANDARD = "gnu++14";
				CLANG_CXX_LIBRARY = "libc++";
				CLANG_ENABLE_MODULES = YES;
				CLANG_ENABLE_OBJC_ARC = YES;
				CLANG_ENABLE_OBJC_WEAK = YES;
				CLANG_WARN_BLOCK_CAPTURE_AUTORELEASING = YES;
				CLANG_WARN_BOOL_CONVERSION = YES;
				CLANG_WARN_COMMA = YES;
				CLANG_WARN_CONSTANT_CONVERSION = YES;
				CLANG_WARN_DEPRECATED_OBJC_IMPLEMENTATIONS = YES;
				CLANG_WARN_DIRECT_OBJC_ISA_USAGE = YES_ERROR;
				CLANG_WARN_DOCUMENTATION_COMMENTS = YES;
				CLANG_WARN_EMPTY_BODY = YES;
				CLANG_WARN_ENUM_CONVERSION = YES;
				CLANG_WARN_INFINITE_RECURSION = YES;
				CLANG_WARN_INT_CONVERSION = YES;
				CLANG_WARN_NON_LITERAL_NULL_CONVERSION = YES;
				CLANG_WARN_OBJC_IMPLICIT_RETAIN_SELF = YES;
				CLANG_WARN_OBJC_LITERAL_CONVERSION = YES;
				CLANG_WARN_OBJC_ROOT_CLASS = YES_ERROR;
				CLANG_WARN_RANGE_LOOP_ANALYSIS = YES;
				CLANG_WARN_STRICT_PROTOTYPES = YES;
				CLANG_WARN_SUSPICIOUS_MOVE = YES;
				CLANG_WARN_UNGUARDED_AVAILABILITY = YES_AGGRESSIVE;
				CLANG_WARN_UNREACHABLE_CODE = YES;
				CLANG_WARN__DUPLICATE_METHOD_MATCH = YES;
				COPY_PHASE_STRIP = NO;
				DEBUG_INFORMATION_FORMAT = "dwarf-with-dsym";
				ENABLE_NS_ASSERTIONS = NO;
				ENABLE_STRICT_OBJC_MSGSEND = YES;
				GCC_C_LANGUAGE_STANDARD = gnu11;
				GCC_NO_COMMON_BLOCKS = YES;
				GCC_WARN_64_TO_32_BIT_CONVERSION = YES;
				GCC_WARN_ABOUT_RETURN_TYPE = YES_ERROR;
				GCC_WARN_UNDECLARED_SELECTOR = YES;
				GCC_WARN_UNINITIALIZED_AUTOS = YES_AGGRESSIVE;
				GCC_WARN_UNUSED_FUNCTION = YES;
				GCC_WARN_UNUSED_VARIABLE = YES;
				IPHONEOS_DEPLOYMENT_TARGET = 13.6;
				MTL_ENABLE_DEBUG_INFO = NO;
				MTL_FAST_MATH = YES;
				SDKROOT = iphoneos;
				SWIFT_COMPILATION_MODE = wholemodule;
				SWIFT_OPTIMIZATION_LEVEL = "-O";
				VALIDATE_PRODUCT = YES;
			};
			name = Release;
		};
		F869FFFE24CB2848007E3263 /* Debug */ = {
			isa = XCBuildConfiguration;
			baseConfigurationReference = 6D7B4989E2AB931B5E5FD37D /* Pods-OpentokDeepARSDK.debug.xcconfig */;
			buildSettings = {
				ASSETCATALOG_COMPILER_APPICON_NAME = AppIcon;
				CODE_SIGN_STYLE = Automatic;
				DEVELOPMENT_TEAM = "";
				FRAMEWORK_SEARCH_PATHS = (
					"$(inherited)",
					"$(PROJECT_DIR)",
				);
				INFOPLIST_FILE = OpentokDeepARSDK/Info.plist;
				IPHONEOS_DEPLOYMENT_TARGET = 13.0;
				LD_RUNPATH_SEARCH_PATHS = (
					"$(inherited)",
					"@executable_path/Frameworks",
				);
				PRODUCT_BUNDLE_IDENTIFIER = com.vonage.OpentokDeepARSDK;
				PRODUCT_NAME = "$(TARGET_NAME)";
				SWIFT_VERSION = 5.0;
				TARGETED_DEVICE_FAMILY = "1,2";
			};
			name = Debug;
		};
		F869FFFF24CB2848007E3263 /* Release */ = {
			isa = XCBuildConfiguration;
			baseConfigurationReference = 2BA164D9A5E0AD4349E44431 /* Pods-OpentokDeepARSDK.release.xcconfig */;
			buildSettings = {
				ASSETCATALOG_COMPILER_APPICON_NAME = AppIcon;
				CODE_SIGN_STYLE = Automatic;
				DEVELOPMENT_TEAM = "";
				FRAMEWORK_SEARCH_PATHS = (
					"$(inherited)",
					"$(PROJECT_DIR)",
				);
				INFOPLIST_FILE = OpentokDeepARSDK/Info.plist;
				IPHONEOS_DEPLOYMENT_TARGET = 13.0;
				LD_RUNPATH_SEARCH_PATHS = (
					"$(inherited)",
					"@executable_path/Frameworks",
				);
				PRODUCT_BUNDLE_IDENTIFIER = com.vonage.OpentokDeepARSDK;
				PRODUCT_NAME = "$(TARGET_NAME)";
				SWIFT_VERSION = 5.0;
				TARGETED_DEVICE_FAMILY = "1,2";
			};
			name = Release;
		};
/* End XCBuildConfiguration section */

/* Begin XCConfigurationList section */
		F869FFE424CB2846007E3263 /* Build configuration list for PBXProject "OpentokDeepARSDK" */ = {
			isa = XCConfigurationList;
			buildConfigurations = (
				F869FFFB24CB2848007E3263 /* Debug */,
				F869FFFC24CB2848007E3263 /* Release */,
			);
			defaultConfigurationIsVisible = 0;
			defaultConfigurationName = Release;
		};
		F869FFFD24CB2848007E3263 /* Build configuration list for PBXNativeTarget "OpentokDeepARSDK" */ = {
			isa = XCConfigurationList;
			buildConfigurations = (
				F869FFFE24CB2848007E3263 /* Debug */,
				F869FFFF24CB2848007E3263 /* Release */,
			);
			defaultConfigurationIsVisible = 0;
			defaultConfigurationName = Release;
		};
/* End XCConfigurationList section */
	};
	rootObject = F869FFE124CB2846007E3263 /* Project object */;
}
